// !$*UTF8*$!
{
	archiveVersion = 1;
	classes = {
	};
	objectVersion = 46;
	objects = {

/* Begin PBXBuildFile section */
		9FEEB8F01CDB182400BE68DA /* CoreStatus.m in Sources */ = {isa = PBXBuildFile; fileRef = 9FEEB8E71CDB182400BE68DA /* CoreStatus.m */; };
		9FEEB8F11CDB182400BE68DA /* Reachability.m in Sources */ = {isa = PBXBuildFile; fileRef = 9FEEB8ED1CDB182400BE68DA /* Reachability.m */; };
		9FEEB8FD1CDB20C100BE68DA /* BaseRefreshVC.m in Sources */ = {isa = PBXBuildFile; fileRef = 9FEEB8F41CDB20C100BE68DA /* BaseRefreshVC.m */; };
		9FEEB8FE1CDB20C100BE68DA /* LDRefreshFooterView.m in Sources */ = {isa = PBXBuildFile; fileRef = 9FEEB8F61CDB20C100BE68DA /* LDRefreshFooterView.m */; };
		9FEEB8FF1CDB20C100BE68DA /* LDRefreshHeaderView.m in Sources */ = {isa = PBXBuildFile; fileRef = 9FEEB8F81CDB20C100BE68DA /* LDRefreshHeaderView.m */; };
		9FEEB9001CDB20C100BE68DA /* tableview_pull_refresh@2x.png in Resources */ = {isa = PBXBuildFile; fileRef = 9FEEB8F91CDB20C100BE68DA /* tableview_pull_refresh@2x.png */; };
		9FEEB9011CDB20C100BE68DA /* tableview_pull_refresh@3x.png in Resources */ = {isa = PBXBuildFile; fileRef = 9FEEB8FA1CDB20C100BE68DA /* tableview_pull_refresh@3x.png */; };
		9FEEB9021CDB20C100BE68DA /* UIScrollView+LDRefresh.m in Sources */ = {isa = PBXBuildFile; fileRef = 9FEEB8FC1CDB20C100BE68DA /* UIScrollView+LDRefresh.m */; };
		9FF2BB051CD9BE19008FDEB6 /* main.m in Sources */ = {isa = PBXBuildFile; fileRef = 9FF2BB041CD9BE19008FDEB6 /* main.m */; };
		9FF2BB081CD9BE19008FDEB6 /* AppDelegate.m in Sources */ = {isa = PBXBuildFile; fileRef = 9FF2BB071CD9BE19008FDEB6 /* AppDelegate.m */; };
		9FF2BB0B1CD9BE19008FDEB6 /* ViewController.m in Sources */ = {isa = PBXBuildFile; fileRef = 9FF2BB0A1CD9BE19008FDEB6 /* ViewController.m */; };
		9FF2BB0E1CD9BE19008FDEB6 /* Main.storyboard in Resources */ = {isa = PBXBuildFile; fileRef = 9FF2BB0C1CD9BE19008FDEB6 /* Main.storyboard */; };
		9FF2BB101CD9BE19008FDEB6 /* Assets.xcassets in Resources */ = {isa = PBXBuildFile; fileRef = 9FF2BB0F1CD9BE19008FDEB6 /* Assets.xcassets */; };
		9FF2BB131CD9BE19008FDEB6 /* LaunchScreen.storyboard in Resources */ = {isa = PBXBuildFile; fileRef = 9FF2BB111CD9BE19008FDEB6 /* LaunchScreen.storyboard */; };
		9FF2BB1E1CD9BE19008FDEB6 /* NetwrokDemoTests.m in Sources */ = {isa = PBXBuildFile; fileRef = 9FF2BB1D1CD9BE19008FDEB6 /* NetwrokDemoTests.m */; };
		9FF2BB291CD9BE19008FDEB6 /* NetwrokDemoUITests.m in Sources */ = {isa = PBXBuildFile; fileRef = 9FF2BB281CD9BE19008FDEB6 /* NetwrokDemoUITests.m */; };
		9FF2BB491CD9BE25008FDEB6 /* DSToast.m in Sources */ = {isa = PBXBuildFile; fileRef = 9FF2BB381CD9BE25008FDEB6 /* DSToast.m */; };
		9FF2BB4A1CD9BE25008FDEB6 /* DSToastAnimation.m in Sources */ = {isa = PBXBuildFile; fileRef = 9FF2BB3A1CD9BE25008FDEB6 /* DSToastAnimation.m */; };
		9FF2BB4B1CD9BE25008FDEB6 /* TLAsiNetworkHandler.m in Sources */ = {isa = PBXBuildFile; fileRef = 9FF2BB401CD9BE25008FDEB6 /* TLAsiNetworkHandler.m */; };
		9FF2BB4C1CD9BE25008FDEB6 /* TLAsiNetworkItem.m in Sources */ = {isa = PBXBuildFile; fileRef = 9FF2BB421CD9BE25008FDEB6 /* TLAsiNetworkItem.m */; };
		9FF2BB4D1CD9BE25008FDEB6 /* TLNetworkManager.m in Sources */ = {isa = PBXBuildFile; fileRef = 9FF2BB451CD9BE25008FDEB6 /* TLNetworkManager.m */; };
		9FF2BB4E1CD9BE25008FDEB6 /* TLUploadParam.m in Sources */ = {isa = PBXBuildFile; fileRef = 9FF2BB481CD9BE25008FDEB6 /* TLUploadParam.m */; };
		9FF2BB5D1CD9BE85008FDEB6 /* AFHTTPSessionManager.m in Sources */ = {isa = PBXBuildFile; fileRef = 9FF2BB511CD9BE85008FDEB6 /* AFHTTPSessionManager.m */; };
		9FF2BB5E1CD9BE85008FDEB6 /* AFNetworkReachabilityManager.m in Sources */ = {isa = PBXBuildFile; fileRef = 9FF2BB541CD9BE85008FDEB6 /* AFNetworkReachabilityManager.m */; };
		9FF2BB5F1CD9BE85008FDEB6 /* AFSecurityPolicy.m in Sources */ = {isa = PBXBuildFile; fileRef = 9FF2BB561CD9BE85008FDEB6 /* AFSecurityPolicy.m */; };
		9FF2BB601CD9BE85008FDEB6 /* AFURLRequestSerialization.m in Sources */ = {isa = PBXBuildFile; fileRef = 9FF2BB581CD9BE85008FDEB6 /* AFURLRequestSerialization.m */; };
		9FF2BB611CD9BE85008FDEB6 /* AFURLResponseSerialization.m in Sources */ = {isa = PBXBuildFile; fileRef = 9FF2BB5A1CD9BE85008FDEB6 /* AFURLResponseSerialization.m */; };
		9FF2BB621CD9BE85008FDEB6 /* AFURLSessionManager.m in Sources */ = {isa = PBXBuildFile; fileRef = 9FF2BB5C1CD9BE85008FDEB6 /* AFURLSessionManager.m */; };
		9FF2BB6E1CD9BED7008FDEB6 /* SVIndefiniteAnimatedView.m in Sources */ = {isa = PBXBuildFile; fileRef = 9FF2BB651CD9BED7008FDEB6 /* SVIndefiniteAnimatedView.m */; };
		9FF2BB6F1CD9BED7008FDEB6 /* SVProgressAnimatedView.m in Sources */ = {isa = PBXBuildFile; fileRef = 9FF2BB671CD9BED7008FDEB6 /* SVProgressAnimatedView.m */; };
		9FF2BB701CD9BED7008FDEB6 /* SVProgressHUD.bundle in Resources */ = {isa = PBXBuildFile; fileRef = 9FF2BB691CD9BED7008FDEB6 /* SVProgressHUD.bundle */; };
		9FF2BB711CD9BED7008FDEB6 /* SVProgressHUD.m in Sources */ = {isa = PBXBuildFile; fileRef = 9FF2BB6B1CD9BED7008FDEB6 /* SVProgressHUD.m */; };
		9FF2BB721CD9BED7008FDEB6 /* SVRadialGradientLayer.m in Sources */ = {isa = PBXBuildFile; fileRef = 9FF2BB6D1CD9BED7008FDEB6 /* SVRadialGradientLayer.m */; };
/* End PBXBuildFile section */

/* Begin PBXContainerItemProxy section */
		9FF2BB1A1CD9BE19008FDEB6 /* PBXContainerItemProxy */ = {
			isa = PBXContainerItemProxy;
			containerPortal = 9FF2BAF81CD9BE19008FDEB6 /* Project object */;
			proxyType = 1;
			remoteGlobalIDString = 9FF2BAFF1CD9BE19008FDEB6;
			remoteInfo = NetwrokDemo;
		};
		9FF2BB251CD9BE19008FDEB6 /* PBXContainerItemProxy */ = {
			isa = PBXContainerItemProxy;
			containerPortal = 9FF2BAF81CD9BE19008FDEB6 /* Project object */;
			proxyType = 1;
			remoteGlobalIDString = 9FF2BAFF1CD9BE19008FDEB6;
			remoteInfo = NetwrokDemo;
		};
/* End PBXContainerItemProxy section */

/* Begin PBXFileReference section */
		9FEEB8E61CDB182400BE68DA /* CoreStatus.h */ = {isa = PBXFileReference; fileEncoding = 4; lastKnownFileType = sourcecode.c.h; path = CoreStatus.h; sourceTree = "<group>"; };
		9FEEB8E71CDB182400BE68DA /* CoreStatus.m */ = {isa = PBXFileReference; fileEncoding = 4; lastKnownFileType = sourcecode.c.objc; path = CoreStatus.m; sourceTree = "<group>"; };
		9FEEB8E91CDB182400BE68DA /* CoreNetworkStatus.h */ = {isa = PBXFileReference; fileEncoding = 4; lastKnownFileType = sourcecode.c.h; path = CoreNetworkStatus.h; sourceTree = "<group>"; };
		9FEEB8EA1CDB182400BE68DA /* CoreStatusProtocol.h */ = {isa = PBXFileReference; fileEncoding = 4; lastKnownFileType = sourcecode.c.h; path = CoreStatusProtocol.h; sourceTree = "<group>"; };
		9FEEB8EC1CDB182400BE68DA /* Reachability.h */ = {isa = PBXFileReference; fileEncoding = 4; lastKnownFileType = sourcecode.c.h; path = Reachability.h; sourceTree = "<group>"; };
		9FEEB8ED1CDB182400BE68DA /* Reachability.m */ = {isa = PBXFileReference; fileEncoding = 4; lastKnownFileType = sourcecode.c.objc; path = Reachability.m; sourceTree = "<group>"; };
		9FEEB8EF1CDB182400BE68DA /* CoreStatusSingleton.h */ = {isa = PBXFileReference; fileEncoding = 4; lastKnownFileType = sourcecode.c.h; path = CoreStatusSingleton.h; sourceTree = "<group>"; };
		9FEEB8F31CDB20C100BE68DA /* BaseRefreshVC.h */ = {isa = PBXFileReference; fileEncoding = 4; lastKnownFileType = sourcecode.c.h; path = BaseRefreshVC.h; sourceTree = "<group>"; };
		9FEEB8F41CDB20C100BE68DA /* BaseRefreshVC.m */ = {isa = PBXFileReference; fileEncoding = 4; lastKnownFileType = sourcecode.c.objc; path = BaseRefreshVC.m; sourceTree = "<group>"; };
		9FEEB8F51CDB20C100BE68DA /* LDRefreshFooterView.h */ = {isa = PBXFileReference; fileEncoding = 4; lastKnownFileType = sourcecode.c.h; path = LDRefreshFooterView.h; sourceTree = "<group>"; };
		9FEEB8F61CDB20C100BE68DA /* LDRefreshFooterView.m */ = {isa = PBXFileReference; fileEncoding = 4; lastKnownFileType = sourcecode.c.objc; path = LDRefreshFooterView.m; sourceTree = "<group>"; };
		9FEEB8F71CDB20C100BE68DA /* LDRefreshHeaderView.h */ = {isa = PBXFileReference; fileEncoding = 4; lastKnownFileType = sourcecode.c.h; path = LDRefreshHeaderView.h; sourceTree = "<group>"; };
		9FEEB8F81CDB20C100BE68DA /* LDRefreshHeaderView.m */ = {isa = PBXFileReference; fileEncoding = 4; lastKnownFileType = sourcecode.c.objc; path = LDRefreshHeaderView.m; sourceTree = "<group>"; };
		9FEEB8F91CDB20C100BE68DA /* tableview_pull_refresh@2x.png */ = {isa = PBXFileReference; lastKnownFileType = image.png; path = "tableview_pull_refresh@2x.png"; sourceTree = "<group>"; };
		9FEEB8FA1CDB20C100BE68DA /* tableview_pull_refresh@3x.png */ = {isa = PBXFileReference; lastKnownFileType = image.png; path = "tableview_pull_refresh@3x.png"; sourceTree = "<group>"; };
		9FEEB8FB1CDB20C100BE68DA /* UIScrollView+LDRefresh.h */ = {isa = PBXFileReference; fileEncoding = 4; lastKnownFileType = sourcecode.c.h; path = "UIScrollView+LDRefresh.h"; sourceTree = "<group>"; };
		9FEEB8FC1CDB20C100BE68DA /* UIScrollView+LDRefresh.m */ = {isa = PBXFileReference; fileEncoding = 4; lastKnownFileType = sourcecode.c.objc; path = "UIScrollView+LDRefresh.m"; sourceTree = "<group>"; };
		9FF2BB001CD9BE19008FDEB6 /* NetwrokDemo.app */ = {isa = PBXFileReference; explicitFileType = wrapper.application; includeInIndex = 0; path = NetwrokDemo.app; sourceTree = BUILT_PRODUCTS_DIR; };
		9FF2BB041CD9BE19008FDEB6 /* main.m */ = {isa = PBXFileReference; lastKnownFileType = sourcecode.c.objc; path = main.m; sourceTree = "<group>"; };
		9FF2BB061CD9BE19008FDEB6 /* AppDelegate.h */ = {isa = PBXFileReference; lastKnownFileType = sourcecode.c.h; path = AppDelegate.h; sourceTree = "<group>"; };
		9FF2BB071CD9BE19008FDEB6 /* AppDelegate.m */ = {isa = PBXFileReference; lastKnownFileType = sourcecode.c.objc; path = AppDelegate.m; sourceTree = "<group>"; };
		9FF2BB091CD9BE19008FDEB6 /* ViewController.h */ = {isa = PBXFileReference; lastKnownFileType = sourcecode.c.h; path = ViewController.h; sourceTree = "<group>"; };
		9FF2BB0A1CD9BE19008FDEB6 /* ViewController.m */ = {isa = PBXFileReference; lastKnownFileType = sourcecode.c.objc; path = ViewController.m; sourceTree = "<group>"; };
		9FF2BB0D1CD9BE19008FDEB6 /* Base */ = {isa = PBXFileReference; lastKnownFileType = file.storyboard; name = Base; path = Base.lproj/Main.storyboard; sourceTree = "<group>"; };
		9FF2BB0F1CD9BE19008FDEB6 /* Assets.xcassets */ = {isa = PBXFileReference; lastKnownFileType = folder.assetcatalog; path = Assets.xcassets; sourceTree = "<group>"; };
		9FF2BB121CD9BE19008FDEB6 /* Base */ = {isa = PBXFileReference; lastKnownFileType = file.storyboard; name = Base; path = Base.lproj/LaunchScreen.storyboard; sourceTree = "<group>"; };
		9FF2BB141CD9BE19008FDEB6 /* Info.plist */ = {isa = PBXFileReference; lastKnownFileType = text.plist.xml; path = Info.plist; sourceTree = "<group>"; };
		9FF2BB191CD9BE19008FDEB6 /* NetwrokDemoTests.xctest */ = {isa = PBXFileReference; explicitFileType = wrapper.cfbundle; includeInIndex = 0; path = NetwrokDemoTests.xctest; sourceTree = BUILT_PRODUCTS_DIR; };
		9FF2BB1D1CD9BE19008FDEB6 /* NetwrokDemoTests.m */ = {isa = PBXFileReference; lastKnownFileType = sourcecode.c.objc; path = NetwrokDemoTests.m; sourceTree = "<group>"; };
		9FF2BB1F1CD9BE19008FDEB6 /* Info.plist */ = {isa = PBXFileReference; lastKnownFileType = text.plist.xml; path = Info.plist; sourceTree = "<group>"; };
		9FF2BB241CD9BE19008FDEB6 /* NetwrokDemoUITests.xctest */ = {isa = PBXFileReference; explicitFileType = wrapper.cfbundle; includeInIndex = 0; path = NetwrokDemoUITests.xctest; sourceTree = BUILT_PRODUCTS_DIR; };
		9FF2BB281CD9BE19008FDEB6 /* NetwrokDemoUITests.m */ = {isa = PBXFileReference; lastKnownFileType = sourcecode.c.objc; path = NetwrokDemoUITests.m; sourceTree = "<group>"; };
		9FF2BB2A1CD9BE19008FDEB6 /* Info.plist */ = {isa = PBXFileReference; lastKnownFileType = text.plist.xml; path = Info.plist; sourceTree = "<group>"; };
		9FF2BB371CD9BE25008FDEB6 /* DSToast.h */ = {isa = PBXFileReference; fileEncoding = 4; lastKnownFileType = sourcecode.c.h; path = DSToast.h; sourceTree = "<group>"; };
		9FF2BB381CD9BE25008FDEB6 /* DSToast.m */ = {isa = PBXFileReference; fileEncoding = 4; lastKnownFileType = sourcecode.c.objc; path = DSToast.m; sourceTree = "<group>"; };
		9FF2BB391CD9BE25008FDEB6 /* DSToastAnimation.h */ = {isa = PBXFileReference; fileEncoding = 4; lastKnownFileType = sourcecode.c.h; path = DSToastAnimation.h; sourceTree = "<group>"; };
		9FF2BB3A1CD9BE25008FDEB6 /* DSToastAnimation.m */ = {isa = PBXFileReference; fileEncoding = 4; lastKnownFileType = sourcecode.c.objc; path = DSToastAnimation.m; sourceTree = "<group>"; };
		9FF2BB3F1CD9BE25008FDEB6 /* TLAsiNetworkHandler.h */ = {isa = PBXFileReference; fileEncoding = 4; lastKnownFileType = sourcecode.c.h; path = TLAsiNetworkHandler.h; sourceTree = "<group>"; };
		9FF2BB401CD9BE25008FDEB6 /* TLAsiNetworkHandler.m */ = {isa = PBXFileReference; fileEncoding = 4; lastKnownFileType = sourcecode.c.objc; path = TLAsiNetworkHandler.m; sourceTree = "<group>"; };
		9FF2BB411CD9BE25008FDEB6 /* TLAsiNetworkItem.h */ = {isa = PBXFileReference; fileEncoding = 4; lastKnownFileType = sourcecode.c.h; path = TLAsiNetworkItem.h; sourceTree = "<group>"; };
		9FF2BB421CD9BE25008FDEB6 /* TLAsiNetworkItem.m */ = {isa = PBXFileReference; fileEncoding = 4; lastKnownFileType = sourcecode.c.objc; path = TLAsiNetworkItem.m; sourceTree = "<group>"; };
		9FF2BB431CD9BE25008FDEB6 /* TLAsiNetworkUrl.h */ = {isa = PBXFileReference; fileEncoding = 4; lastKnownFileType = sourcecode.c.h; path = TLAsiNetworkUrl.h; sourceTree = "<group>"; };
		9FF2BB441CD9BE25008FDEB6 /* TLNetworkManager.h */ = {isa = PBXFileReference; fileEncoding = 4; lastKnownFileType = sourcecode.c.h; path = TLNetworkManager.h; sourceTree = "<group>"; };
		9FF2BB451CD9BE25008FDEB6 /* TLNetworkManager.m */ = {isa = PBXFileReference; fileEncoding = 4; lastKnownFileType = sourcecode.c.objc; path = TLNetworkManager.m; sourceTree = "<group>"; };
		9FF2BB461CD9BE25008FDEB6 /* TLNetwrok.h */ = {isa = PBXFileReference; fileEncoding = 4; lastKnownFileType = sourcecode.c.h; path = TLNetwrok.h; sourceTree = "<group>"; };
		9FF2BB471CD9BE25008FDEB6 /* TLUploadParam.h */ = {isa = PBXFileReference; fileEncoding = 4; lastKnownFileType = sourcecode.c.h; path = TLUploadParam.h; sourceTree = "<group>"; };
		9FF2BB481CD9BE25008FDEB6 /* TLUploadParam.m */ = {isa = PBXFileReference; fileEncoding = 4; lastKnownFileType = sourcecode.c.objc; path = TLUploadParam.m; sourceTree = "<group>"; };
		9FF2BB501CD9BE85008FDEB6 /* AFHTTPSessionManager.h */ = {isa = PBXFileReference; fileEncoding = 4; lastKnownFileType = sourcecode.c.h; path = AFHTTPSessionManager.h; sourceTree = "<group>"; };
		9FF2BB511CD9BE85008FDEB6 /* AFHTTPSessionManager.m */ = {isa = PBXFileReference; fileEncoding = 4; lastKnownFileType = sourcecode.c.objc; path = AFHTTPSessionManager.m; sourceTree = "<group>"; };
		9FF2BB521CD9BE85008FDEB6 /* AFNetworking.h */ = {isa = PBXFileReference; fileEncoding = 4; lastKnownFileType = sourcecode.c.h; path = AFNetworking.h; sourceTree = "<group>"; };
		9FF2BB531CD9BE85008FDEB6 /* AFNetworkReachabilityManager.h */ = {isa = PBXFileReference; fileEncoding = 4; lastKnownFileType = sourcecode.c.h; path = AFNetworkReachabilityManager.h; sourceTree = "<group>"; };
		9FF2BB541CD9BE85008FDEB6 /* AFNetworkReachabilityManager.m */ = {isa = PBXFileReference; fileEncoding = 4; lastKnownFileType = sourcecode.c.objc; path = AFNetworkReachabilityManager.m; sourceTree = "<group>"; };
		9FF2BB551CD9BE85008FDEB6 /* AFSecurityPolicy.h */ = {isa = PBXFileReference; fileEncoding = 4; lastKnownFileType = sourcecode.c.h; path = AFSecurityPolicy.h; sourceTree = "<group>"; };
		9FF2BB561CD9BE85008FDEB6 /* AFSecurityPolicy.m */ = {isa = PBXFileReference; fileEncoding = 4; lastKnownFileType = sourcecode.c.objc; path = AFSecurityPolicy.m; sourceTree = "<group>"; };
		9FF2BB571CD9BE85008FDEB6 /* AFURLRequestSerialization.h */ = {isa = PBXFileReference; fileEncoding = 4; lastKnownFileType = sourcecode.c.h; path = AFURLRequestSerialization.h; sourceTree = "<group>"; };
		9FF2BB581CD9BE85008FDEB6 /* AFURLRequestSerialization.m */ = {isa = PBXFileReference; fileEncoding = 4; lastKnownFileType = sourcecode.c.objc; path = AFURLRequestSerialization.m; sourceTree = "<group>"; };
		9FF2BB591CD9BE85008FDEB6 /* AFURLResponseSerialization.h */ = {isa = PBXFileReference; fileEncoding = 4; lastKnownFileType = sourcecode.c.h; path = AFURLResponseSerialization.h; sourceTree = "<group>"; };
		9FF2BB5A1CD9BE85008FDEB6 /* AFURLResponseSerialization.m */ = {isa = PBXFileReference; fileEncoding = 4; lastKnownFileType = sourcecode.c.objc; path = AFURLResponseSerialization.m; sourceTree = "<group>"; };
		9FF2BB5B1CD9BE85008FDEB6 /* AFURLSessionManager.h */ = {isa = PBXFileReference; fileEncoding = 4; lastKnownFileType = sourcecode.c.h; path = AFURLSessionManager.h; sourceTree = "<group>"; };
		9FF2BB5C1CD9BE85008FDEB6 /* AFURLSessionManager.m */ = {isa = PBXFileReference; fileEncoding = 4; lastKnownFileType = sourcecode.c.objc; path = AFURLSessionManager.m; sourceTree = "<group>"; };
		9FF2BB641CD9BED7008FDEB6 /* SVIndefiniteAnimatedView.h */ = {isa = PBXFileReference; fileEncoding = 4; lastKnownFileType = sourcecode.c.h; path = SVIndefiniteAnimatedView.h; sourceTree = "<group>"; };
		9FF2BB651CD9BED7008FDEB6 /* SVIndefiniteAnimatedView.m */ = {isa = PBXFileReference; fileEncoding = 4; lastKnownFileType = sourcecode.c.objc; path = SVIndefiniteAnimatedView.m; sourceTree = "<group>"; };
		9FF2BB661CD9BED7008FDEB6 /* SVProgressAnimatedView.h */ = {isa = PBXFileReference; fileEncoding = 4; lastKnownFileType = sourcecode.c.h; path = SVProgressAnimatedView.h; sourceTree = "<group>"; };
		9FF2BB671CD9BED7008FDEB6 /* SVProgressAnimatedView.m */ = {isa = PBXFileReference; fileEncoding = 4; lastKnownFileType = sourcecode.c.objc; path = SVProgressAnimatedView.m; sourceTree = "<group>"; };
		9FF2BB681CD9BED7008FDEB6 /* SVProgressHUD-Prefix.pch */ = {isa = PBXFileReference; fileEncoding = 4; lastKnownFileType = sourcecode.c.h; path = "SVProgressHUD-Prefix.pch"; sourceTree = "<group>"; };
		9FF2BB691CD9BED7008FDEB6 /* SVProgressHUD.bundle */ = {isa = PBXFileReference; lastKnownFileType = "wrapper.plug-in"; path = SVProgressHUD.bundle; sourceTree = "<group>"; };
		9FF2BB6A1CD9BED7008FDEB6 /* SVProgressHUD.h */ = {isa = PBXFileReference; fileEncoding = 4; lastKnownFileType = sourcecode.c.h; path = SVProgressHUD.h; sourceTree = "<group>"; };
		9FF2BB6B1CD9BED7008FDEB6 /* SVProgressHUD.m */ = {isa = PBXFileReference; fileEncoding = 4; lastKnownFileType = sourcecode.c.objc; path = SVProgressHUD.m; sourceTree = "<group>"; };
		9FF2BB6C1CD9BED7008FDEB6 /* SVRadialGradientLayer.h */ = {isa = PBXFileReference; fileEncoding = 4; lastKnownFileType = sourcecode.c.h; path = SVRadialGradientLayer.h; sourceTree = "<group>"; };
		9FF2BB6D1CD9BED7008FDEB6 /* SVRadialGradientLayer.m */ = {isa = PBXFileReference; fileEncoding = 4; lastKnownFileType = sourcecode.c.objc; path = SVRadialGradientLayer.m; sourceTree = "<group>"; };
		9FF2BB761CD9BFB2008FDEB6 /* TLAsiNetworkDefine.h */ = {isa = PBXFileReference; fileEncoding = 4; lastKnownFileType = sourcecode.c.h; path = TLAsiNetworkDefine.h; sourceTree = "<group>"; };
		9FF2BB7A1CD9C67B008FDEB6 /* TLAsiNetworkDelegate.h */ = {isa = PBXFileReference; fileEncoding = 4; lastKnownFileType = sourcecode.c.h; path = TLAsiNetworkDelegate.h; sourceTree = "<group>"; };
/* End PBXFileReference section */

/* Begin PBXFrameworksBuildPhase section */
		9FF2BAFD1CD9BE19008FDEB6 /* Frameworks */ = {
			isa = PBXFrameworksBuildPhase;
			buildActionMask = 2147483647;
			files = (
			);
			runOnlyForDeploymentPostprocessing = 0;
		};
		9FF2BB161CD9BE19008FDEB6 /* Frameworks */ = {
			isa = PBXFrameworksBuildPhase;
			buildActionMask = 2147483647;
			files = (
			);
			runOnlyForDeploymentPostprocessing = 0;
		};
		9FF2BB211CD9BE19008FDEB6 /* Frameworks */ = {
			isa = PBXFrameworksBuildPhase;
			buildActionMask = 2147483647;
			files = (
			);
			runOnlyForDeploymentPostprocessing = 0;
		};
/* End PBXFrameworksBuildPhase section */

/* Begin PBXGroup section */
		9FEEB8E51CDB182400BE68DA /* CoreStatus */ = {
			isa = PBXGroup;
			children = (
				9FEEB8E61CDB182400BE68DA /* CoreStatus.h */,
				9FEEB8E71CDB182400BE68DA /* CoreStatus.m */,
				9FEEB8E81CDB182400BE68DA /* Lib */,
			);
			path = CoreStatus;
			sourceTree = "<group>";
		};
		9FEEB8E81CDB182400BE68DA /* Lib */ = {
			isa = PBXGroup;
			children = (
				9FEEB8E91CDB182400BE68DA /* CoreNetworkStatus.h */,
				9FEEB8EA1CDB182400BE68DA /* CoreStatusProtocol.h */,
				9FEEB8EB1CDB182400BE68DA /* Reachability */,
				9FEEB8EE1CDB182400BE68DA /* Singleton */,
			);
			path = Lib;
			sourceTree = "<group>";
		};
		9FEEB8EB1CDB182400BE68DA /* Reachability */ = {
			isa = PBXGroup;
			children = (
				9FEEB8EC1CDB182400BE68DA /* Reachability.h */,
				9FEEB8ED1CDB182400BE68DA /* Reachability.m */,
			);
			path = Reachability;
			sourceTree = "<group>";
		};
		9FEEB8EE1CDB182400BE68DA /* Singleton */ = {
			isa = PBXGroup;
			children = (
				9FEEB8EF1CDB182400BE68DA /* CoreStatusSingleton.h */,
			);
			path = Singleton;
			sourceTree = "<group>";
		};
		9FEEB8F21CDB20C100BE68DA /* RefreshList */ = {
			isa = PBXGroup;
			children = (
				9FEEB8F31CDB20C100BE68DA /* BaseRefreshVC.h */,
				9FEEB8F41CDB20C100BE68DA /* BaseRefreshVC.m */,
				9FEEB8F51CDB20C100BE68DA /* LDRefreshFooterView.h */,
				9FEEB8F61CDB20C100BE68DA /* LDRefreshFooterView.m */,
				9FEEB8F71CDB20C100BE68DA /* LDRefreshHeaderView.h */,
				9FEEB8F81CDB20C100BE68DA /* LDRefreshHeaderView.m */,
				9FEEB8F91CDB20C100BE68DA /* tableview_pull_refresh@2x.png */,
				9FEEB8FA1CDB20C100BE68DA /* tableview_pull_refresh@3x.png */,
				9FEEB8FB1CDB20C100BE68DA /* UIScrollView+LDRefresh.h */,
				9FEEB8FC1CDB20C100BE68DA /* UIScrollView+LDRefresh.m */,
			);
			path = RefreshList;
			sourceTree = "<group>";
		};
		9FF2BAF71CD9BE19008FDEB6 = {
			isa = PBXGroup;
			children = (
				9FF2BB021CD9BE19008FDEB6 /* NetwrokDemo */,
				9FF2BB1C1CD9BE19008FDEB6 /* NetwrokDemoTests */,
				9FF2BB271CD9BE19008FDEB6 /* NetwrokDemoUITests */,
				9FF2BB011CD9BE19008FDEB6 /* Products */,
			);
			sourceTree = "<group>";
		};
		9FF2BB011CD9BE19008FDEB6 /* Products */ = {
			isa = PBXGroup;
			children = (
				9FF2BB001CD9BE19008FDEB6 /* NetwrokDemo.app */,
				9FF2BB191CD9BE19008FDEB6 /* NetwrokDemoTests.xctest */,
				9FF2BB241CD9BE19008FDEB6 /* NetwrokDemoUITests.xctest */,
			);
			name = Products;
			sourceTree = "<group>";
		};
		9FF2BB021CD9BE19008FDEB6 /* NetwrokDemo */ = {
			isa = PBXGroup;
			children = (
				9FF2BB361CD9BE25008FDEB6 /* DSTost */,
				9FF2BB3B1CD9BE25008FDEB6 /* NetwrokHandle */,
				9FF2BB631CD9BED7008FDEB6 /* SVProgressHUD */,
				9FF2BB4F1CD9BE85008FDEB6 /* AFNetworking */,
				9FF2BB061CD9BE19008FDEB6 /* AppDelegate.h */,
				9FF2BB071CD9BE19008FDEB6 /* AppDelegate.m */,
				9FF2BB091CD9BE19008FDEB6 /* ViewController.h */,
				9FF2BB0A1CD9BE19008FDEB6 /* ViewController.m */,
				9FF2BB0C1CD9BE19008FDEB6 /* Main.storyboard */,
				9FF2BB0F1CD9BE19008FDEB6 /* Assets.xcassets */,
				9FF2BB111CD9BE19008FDEB6 /* LaunchScreen.storyboard */,
				9FF2BB141CD9BE19008FDEB6 /* Info.plist */,
				9FF2BB031CD9BE19008FDEB6 /* Supporting Files */,
			);
			path = NetwrokDemo;
			sourceTree = "<group>";
		};
		9FF2BB031CD9BE19008FDEB6 /* Supporting Files */ = {
			isa = PBXGroup;
			children = (
				9FF2BB041CD9BE19008FDEB6 /* main.m */,
			);
			name = "Supporting Files";
			sourceTree = "<group>";
		};
		9FF2BB1C1CD9BE19008FDEB6 /* NetwrokDemoTests */ = {
			isa = PBXGroup;
			children = (
				9FF2BB1D1CD9BE19008FDEB6 /* NetwrokDemoTests.m */,
				9FF2BB1F1CD9BE19008FDEB6 /* Info.plist */,
			);
			path = NetwrokDemoTests;
			sourceTree = "<group>";
		};
		9FF2BB271CD9BE19008FDEB6 /* NetwrokDemoUITests */ = {
			isa = PBXGroup;
			children = (
				9FF2BB281CD9BE19008FDEB6 /* NetwrokDemoUITests.m */,
				9FF2BB2A1CD9BE19008FDEB6 /* Info.plist */,
			);
			path = NetwrokDemoUITests;
			sourceTree = "<group>";
		};
		9FF2BB361CD9BE25008FDEB6 /* DSTost */ = {
			isa = PBXGroup;
			children = (
				9FF2BB371CD9BE25008FDEB6 /* DSToast.h */,
				9FF2BB381CD9BE25008FDEB6 /* DSToast.m */,
				9FF2BB391CD9BE25008FDEB6 /* DSToastAnimation.h */,
				9FF2BB3A1CD9BE25008FDEB6 /* DSToastAnimation.m */,
			);
			name = DSTost;
			path = ../../DSTost;
			sourceTree = "<group>";
		};
		9FF2BB3B1CD9BE25008FDEB6 /* NetwrokHandle */ = {
			isa = PBXGroup;
			children = (
				9FEEB8F21CDB20C100BE68DA /* RefreshList */,
				9FEEB8E51CDB182400BE68DA /* CoreStatus */,
				9FF2BB761CD9BFB2008FDEB6 /* TLAsiNetworkDefine.h */,
				9FF2BB7A1CD9C67B008FDEB6 /* TLAsiNetworkDelegate.h */,
				9FF2BB3F1CD9BE25008FDEB6 /* TLAsiNetworkHandler.h */,
				9FF2BB401CD9BE25008FDEB6 /* TLAsiNetworkHandler.m */,
				9FF2BB411CD9BE25008FDEB6 /* TLAsiNetworkItem.h */,
				9FF2BB421CD9BE25008FDEB6 /* TLAsiNetworkItem.m */,
				9FF2BB431CD9BE25008FDEB6 /* TLAsiNetworkUrl.h */,
				9FF2BB441CD9BE25008FDEB6 /* TLNetworkManager.h */,
				9FF2BB451CD9BE25008FDEB6 /* TLNetworkManager.m */,
				9FF2BB461CD9BE25008FDEB6 /* TLNetwrok.h */,
				9FF2BB471CD9BE25008FDEB6 /* TLUploadParam.h */,
				9FF2BB481CD9BE25008FDEB6 /* TLUploadParam.m */,
			);
			name = NetwrokHandle;
			path = ../../NetwrokHandle;
			sourceTree = "<group>";
		};
		9FF2BB4F1CD9BE85008FDEB6 /* AFNetworking */ = {
			isa = PBXGroup;
			children = (
				9FF2BB501CD9BE85008FDEB6 /* AFHTTPSessionManager.h */,
				9FF2BB511CD9BE85008FDEB6 /* AFHTTPSessionManager.m */,
				9FF2BB521CD9BE85008FDEB6 /* AFNetworking.h */,
				9FF2BB531CD9BE85008FDEB6 /* AFNetworkReachabilityManager.h */,
				9FF2BB541CD9BE85008FDEB6 /* AFNetworkReachabilityManager.m */,
				9FF2BB551CD9BE85008FDEB6 /* AFSecurityPolicy.h */,
				9FF2BB561CD9BE85008FDEB6 /* AFSecurityPolicy.m */,
				9FF2BB571CD9BE85008FDEB6 /* AFURLRequestSerialization.h */,
				9FF2BB581CD9BE85008FDEB6 /* AFURLRequestSerialization.m */,
				9FF2BB591CD9BE85008FDEB6 /* AFURLResponseSerialization.h */,
				9FF2BB5A1CD9BE85008FDEB6 /* AFURLResponseSerialization.m */,
				9FF2BB5B1CD9BE85008FDEB6 /* AFURLSessionManager.h */,
				9FF2BB5C1CD9BE85008FDEB6 /* AFURLSessionManager.m */,
			);
			path = AFNetworking;
			sourceTree = "<group>";
		};
		9FF2BB631CD9BED7008FDEB6 /* SVProgressHUD */ = {
			isa = PBXGroup;
			children = (
				9FF2BB641CD9BED7008FDEB6 /* SVIndefiniteAnimatedView.h */,
				9FF2BB651CD9BED7008FDEB6 /* SVIndefiniteAnimatedView.m */,
				9FF2BB661CD9BED7008FDEB6 /* SVProgressAnimatedView.h */,
				9FF2BB671CD9BED7008FDEB6 /* SVProgressAnimatedView.m */,
				9FF2BB681CD9BED7008FDEB6 /* SVProgressHUD-Prefix.pch */,
				9FF2BB691CD9BED7008FDEB6 /* SVProgressHUD.bundle */,
				9FF2BB6A1CD9BED7008FDEB6 /* SVProgressHUD.h */,
				9FF2BB6B1CD9BED7008FDEB6 /* SVProgressHUD.m */,
				9FF2BB6C1CD9BED7008FDEB6 /* SVRadialGradientLayer.h */,
				9FF2BB6D1CD9BED7008FDEB6 /* SVRadialGradientLayer.m */,
			);
			path = SVProgressHUD;
			sourceTree = "<group>";
		};
/* End PBXGroup section */

/* Begin PBXNativeTarget section */
		9FF2BAFF1CD9BE19008FDEB6 /* NetwrokDemo */ = {
			isa = PBXNativeTarget;
			buildConfigurationList = 9FF2BB2D1CD9BE19008FDEB6 /* Build configuration list for PBXNativeTarget "NetwrokDemo" */;
			buildPhases = (
				9FF2BAFC1CD9BE19008FDEB6 /* Sources */,
				9FF2BAFD1CD9BE19008FDEB6 /* Frameworks */,
				9FF2BAFE1CD9BE19008FDEB6 /* Resources */,
			);
			buildRules = (
			);
			dependencies = (
			);
			name = NetwrokDemo;
			productName = NetwrokDemo;
			productReference = 9FF2BB001CD9BE19008FDEB6 /* NetwrokDemo.app */;
			productType = "com.apple.product-type.application";
		};
		9FF2BB181CD9BE19008FDEB6 /* NetwrokDemoTests */ = {
			isa = PBXNativeTarget;
			buildConfigurationList = 9FF2BB301CD9BE19008FDEB6 /* Build configuration list for PBXNativeTarget "NetwrokDemoTests" */;
			buildPhases = (
				9FF2BB151CD9BE19008FDEB6 /* Sources */,
				9FF2BB161CD9BE19008FDEB6 /* Frameworks */,
				9FF2BB171CD9BE19008FDEB6 /* Resources */,
			);
			buildRules = (
			);
			dependencies = (
				9FF2BB1B1CD9BE19008FDEB6 /* PBXTargetDependency */,
			);
			name = NetwrokDemoTests;
			productName = NetwrokDemoTests;
			productReference = 9FF2BB191CD9BE19008FDEB6 /* NetwrokDemoTests.xctest */;
			productType = "com.apple.product-type.bundle.unit-test";
		};
		9FF2BB231CD9BE19008FDEB6 /* NetwrokDemoUITests */ = {
			isa = PBXNativeTarget;
			buildConfigurationList = 9FF2BB331CD9BE19008FDEB6 /* Build configuration list for PBXNativeTarget "NetwrokDemoUITests" */;
			buildPhases = (
				9FF2BB201CD9BE19008FDEB6 /* Sources */,
				9FF2BB211CD9BE19008FDEB6 /* Frameworks */,
				9FF2BB221CD9BE19008FDEB6 /* Resources */,
			);
			buildRules = (
			);
			dependencies = (
				9FF2BB261CD9BE19008FDEB6 /* PBXTargetDependency */,
			);
			name = NetwrokDemoUITests;
			productName = NetwrokDemoUITests;
			productReference = 9FF2BB241CD9BE19008FDEB6 /* NetwrokDemoUITests.xctest */;
			productType = "com.apple.product-type.bundle.ui-testing";
		};
/* End PBXNativeTarget section */

/* Begin PBXProject section */
		9FF2BAF81CD9BE19008FDEB6 /* Project object */ = {
			isa = PBXProject;
			attributes = {
				CLASSPREFIX = "";
				LastUpgradeCheck = 0730;
				ORGANIZATIONNAME = "Ted Liu";
				TargetAttributes = {
					9FF2BAFF1CD9BE19008FDEB6 = {
						CreatedOnToolsVersion = 7.3;
					};
					9FF2BB181CD9BE19008FDEB6 = {
						CreatedOnToolsVersion = 7.3;
						TestTargetID = 9FF2BAFF1CD9BE19008FDEB6;
					};
					9FF2BB231CD9BE19008FDEB6 = {
						CreatedOnToolsVersion = 7.3;
						TestTargetID = 9FF2BAFF1CD9BE19008FDEB6;
					};
				};
			};
			buildConfigurationList = 9FF2BAFB1CD9BE19008FDEB6 /* Build configuration list for PBXProject "NetwrokDemo" */;
			compatibilityVersion = "Xcode 3.2";
			developmentRegion = English;
			hasScannedForEncodings = 0;
			knownRegions = (
				en,
				Base,
			);
			mainGroup = 9FF2BAF71CD9BE19008FDEB6;
			productRefGroup = 9FF2BB011CD9BE19008FDEB6 /* Products */;
			projectDirPath = "";
			projectRoot = "";
			targets = (
				9FF2BAFF1CD9BE19008FDEB6 /* NetwrokDemo */,
				9FF2BB181CD9BE19008FDEB6 /* NetwrokDemoTests */,
				9FF2BB231CD9BE19008FDEB6 /* NetwrokDemoUITests */,
			);
		};
/* End PBXProject section */

/* Begin PBXResourcesBuildPhase section */
		9FF2BAFE1CD9BE19008FDEB6 /* Resources */ = {
			isa = PBXResourcesBuildPhase;
			buildActionMask = 2147483647;
			files = (
				9FEEB9011CDB20C100BE68DA /* tableview_pull_refresh@3x.png in Resources */,
				9FF2BB131CD9BE19008FDEB6 /* LaunchScreen.storyboard in Resources */,
				9FF2BB101CD9BE19008FDEB6 /* Assets.xcassets in Resources */,
				9FF2BB0E1CD9BE19008FDEB6 /* Main.storyboard in Resources */,
				9FF2BB701CD9BED7008FDEB6 /* SVProgressHUD.bundle in Resources */,
				9FEEB9001CDB20C100BE68DA /* tableview_pull_refresh@2x.png in Resources */,
			);
			runOnlyForDeploymentPostprocessing = 0;
		};
		9FF2BB171CD9BE19008FDEB6 /* Resources */ = {
			isa = PBXResourcesBuildPhase;
			buildActionMask = 2147483647;
			files = (
			);
			runOnlyForDeploymentPostprocessing = 0;
		};
		9FF2BB221CD9BE19008FDEB6 /* Resources */ = {
			isa = PBXResourcesBuildPhase;
			buildActionMask = 2147483647;
			files = (
			);
			runOnlyForDeploymentPostprocessing = 0;
		};
/* End PBXResourcesBuildPhase section */

/* Begin PBXSourcesBuildPhase section */
		9FF2BAFC1CD9BE19008FDEB6 /* Sources */ = {
			isa = PBXSourcesBuildPhase;
			buildActionMask = 2147483647;
			files = (
				9FEEB9021CDB20C100BE68DA /* UIScrollView+LDRefresh.m in Sources */,
				9FF2BB621CD9BE85008FDEB6 /* AFURLSessionManager.m in Sources */,
				9FF2BB0B1CD9BE19008FDEB6 /* ViewController.m in Sources */,
				9FEEB8F11CDB182400BE68DA /* Reachability.m in Sources */,
				9FEEB8FF1CDB20C100BE68DA /* LDRefreshHeaderView.m in Sources */,
				9FF2BB081CD9BE19008FDEB6 /* AppDelegate.m in Sources */,
				9FF2BB4A1CD9BE25008FDEB6 /* DSToastAnimation.m in Sources */,
				9FF2BB491CD9BE25008FDEB6 /* DSToast.m in Sources */,
				9FF2BB711CD9BED7008FDEB6 /* SVProgressHUD.m in Sources */,
				9FF2BB5F1CD9BE85008FDEB6 /* AFSecurityPolicy.m in Sources */,
				9FF2BB4C1CD9BE25008FDEB6 /* TLAsiNetworkItem.m in Sources */,
				9FF2BB601CD9BE85008FDEB6 /* AFURLRequestSerialization.m in Sources */,
				9FF2BB4B1CD9BE25008FDEB6 /* TLAsiNetworkHandler.m in Sources */,
				9FEEB8FD1CDB20C100BE68DA /* BaseRefreshVC.m in Sources */,
				9FF2BB6F1CD9BED7008FDEB6 /* SVProgressAnimatedView.m in Sources */,
				9FF2BB721CD9BED7008FDEB6 /* SVRadialGradientLayer.m in Sources */,
				9FEEB8FE1CDB20C100BE68DA /* LDRefreshFooterView.m in Sources */,
				9FF2BB051CD9BE19008FDEB6 /* main.m in Sources */,
				9FF2BB5D1CD9BE85008FDEB6 /* AFHTTPSessionManager.m in Sources */,
				9FF2BB6E1CD9BED7008FDEB6 /* SVIndefiniteAnimatedView.m in Sources */,
				9FF2BB4E1CD9BE25008FDEB6 /* TLUploadParam.m in Sources */,
				9FEEB8F01CDB182400BE68DA /* CoreStatus.m in Sources */,
				9FF2BB5E1CD9BE85008FDEB6 /* AFNetworkReachabilityManager.m in Sources */,
				9FF2BB611CD9BE85008FDEB6 /* AFURLResponseSerialization.m in Sources */,
				9FF2BB4D1CD9BE25008FDEB6 /* TLNetworkManager.m in Sources */,
			);
			runOnlyForDeploymentPostprocessing = 0;
		};
		9FF2BB151CD9BE19008FDEB6 /* Sources */ = {
			isa = PBXSourcesBuildPhase;
			buildActionMask = 2147483647;
			files = (
				9FF2BB1E1CD9BE19008FDEB6 /* NetwrokDemoTests.m in Sources */,
			);
			runOnlyForDeploymentPostprocessing = 0;
		};
		9FF2BB201CD9BE19008FDEB6 /* Sources */ = {
			isa = PBXSourcesBuildPhase;
			buildActionMask = 2147483647;
			files = (
				9FF2BB291CD9BE19008FDEB6 /* NetwrokDemoUITests.m in Sources */,
			);
			runOnlyForDeploymentPostprocessing = 0;
		};
/* End PBXSourcesBuildPhase section */

/* Begin PBXTargetDependency section */
		9FF2BB1B1CD9BE19008FDEB6 /* PBXTargetDependency */ = {
			isa = PBXTargetDependency;
			target = 9FF2BAFF1CD9BE19008FDEB6 /* NetwrokDemo */;
			targetProxy = 9FF2BB1A1CD9BE19008FDEB6 /* PBXContainerItemProxy */;
		};
		9FF2BB261CD9BE19008FDEB6 /* PBXTargetDependency */ = {
			isa = PBXTargetDependency;
			target = 9FF2BAFF1CD9BE19008FDEB6 /* NetwrokDemo */;
			targetProxy = 9FF2BB251CD9BE19008FDEB6 /* PBXContainerItemProxy */;
		};
/* End PBXTargetDependency section */

/* Begin PBXVariantGroup section */
		9FF2BB0C1CD9BE19008FDEB6 /* Main.storyboard */ = {
			isa = PBXVariantGroup;
			children = (
				9FF2BB0D1CD9BE19008FDEB6 /* Base */,
			);
			name = Main.storyboard;
			sourceTree = "<group>";
		};
		9FF2BB111CD9BE19008FDEB6 /* LaunchScreen.storyboard */ = {
			isa = PBXVariantGroup;
			children = (
				9FF2BB121CD9BE19008FDEB6 /* Base */,
			);
			name = LaunchScreen.storyboard;
			sourceTree = "<group>";
		};
/* End PBXVariantGroup section */

/* Begin XCBuildConfiguration section */
		9FF2BB2B1CD9BE19008FDEB6 /* Debug */ = {
			isa = XCBuildConfiguration;
			buildSettings = {
				ALWAYS_SEARCH_USER_PATHS = NO;
				CLANG_ANALYZER_NONNULL = YES;
				CLANG_CXX_LANGUAGE_STANDARD = "gnu++0x";
				CLANG_CXX_LIBRARY = "libc++";
				CLANG_ENABLE_MODULES = YES;
				CLANG_ENABLE_OBJC_ARC = YES;
				CLANG_WARN_BOOL_CONVERSION = YES;
				CLANG_WARN_CONSTANT_CONVERSION = YES;
				CLANG_WARN_DIRECT_OBJC_ISA_USAGE = YES_ERROR;
				CLANG_WARN_EMPTY_BODY = YES;
				CLANG_WARN_ENUM_CONVERSION = YES;
				CLANG_WARN_INT_CONVERSION = YES;
				CLANG_WARN_OBJC_ROOT_CLASS = YES_ERROR;
				CLANG_WARN_UNREACHABLE_CODE = YES;
				CLANG_WARN__DUPLICATE_METHOD_MATCH = YES;
				"CODE_SIGN_IDENTITY[sdk=iphoneos*]" = "iPhone Developer";
				COPY_PHASE_STRIP = NO;
				DEBUG_INFORMATION_FORMAT = dwarf;
				ENABLE_STRICT_OBJC_MSGSEND = YES;
				ENABLE_TESTABILITY = YES;
				GCC_C_LANGUAGE_STANDARD = gnu99;
				GCC_DYNAMIC_NO_PIC = NO;
				GCC_NO_COMMON_BLOCKS = YES;
				GCC_OPTIMIZATION_LEVEL = 0;
				GCC_PREPROCESSOR_DEFINITIONS = (
					"DEBUG=1",
					"$(inherited)",
				);
				GCC_WARN_64_TO_32_BIT_CONVERSION = YES;
				GCC_WARN_ABOUT_RETURN_TYPE = YES_ERROR;
				GCC_WARN_UNDECLARED_SELECTOR = YES;
				GCC_WARN_UNINITIALIZED_AUTOS = YES_AGGRESSIVE;
				GCC_WARN_UNUSED_FUNCTION = YES;
				GCC_WARN_UNUSED_VARIABLE = YES;
				IPHONEOS_DEPLOYMENT_TARGET = 8.0;
				MTL_ENABLE_DEBUG_INFO = YES;
				ONLY_ACTIVE_ARCH = YES;
				SDKROOT = iphoneos;
			};
			name = Debug;
		};
		9FF2BB2C1CD9BE19008FDEB6 /* Release */ = {
			isa = XCBuildConfiguration;
			buildSettings = {
				ALWAYS_SEARCH_USER_PATHS = NO;
				CLANG_ANALYZER_NONNULL = YES;
				CLANG_CXX_LANGUAGE_STANDARD = "gnu++0x";
				CLANG_CXX_LIBRARY = "libc++";
				CLANG_ENABLE_MODULES = YES;
				CLANG_ENABLE_OBJC_ARC = YES;
				CLANG_WARN_BOOL_CONVERSION = YES;
				CLANG_WARN_CONSTANT_CONVERSION = YES;
				CLANG_WARN_DIRECT_OBJC_ISA_USAGE = YES_ERROR;
				CLANG_WARN_EMPTY_BODY = YES;
				CLANG_WARN_ENUM_CONVERSION = YES;
				CLANG_WARN_INT_CONVERSION = YES;
				CLANG_WARN_OBJC_ROOT_CLASS = YES_ERROR;
				CLANG_WARN_UNREACHABLE_CODE = YES;
				CLANG_WARN__DUPLICATE_METHOD_MATCH = YES;
				"CODE_SIGN_IDENTITY[sdk=iphoneos*]" = "iPhone Developer";
				COPY_PHASE_STRIP = NO;
				DEBUG_INFORMATION_FORMAT = "dwarf-with-dsym";
				ENABLE_NS_ASSERTIONS = NO;
				ENABLE_STRICT_OBJC_MSGSEND = YES;
				GCC_C_LANGUAGE_STANDARD = gnu99;
				GCC_NO_COMMON_BLOCKS = YES;
				GCC_WARN_64_TO_32_BIT_CONVERSION = YES;
				GCC_WARN_ABOUT_RETURN_TYPE = YES_ERROR;
				GCC_WARN_UNDECLARED_SELECTOR = YES;
				GCC_WARN_UNINITIALIZED_AUTOS = YES_AGGRESSIVE;
				GCC_WARN_UNUSED_FUNCTION = YES;
				GCC_WARN_UNUSED_VARIABLE = YES;
				IPHONEOS_DEPLOYMENT_TARGET = 8.0;
				MTL_ENABLE_DEBUG_INFO = NO;
				SDKROOT = iphoneos;
				VALIDATE_PRODUCT = YES;
			};
			name = Release;
		};
		9FF2BB2E1CD9BE19008FDEB6 /* Debug */ = {
			isa = XCBuildConfiguration;
			buildSettings = {
				ASSETCATALOG_COMPILER_APPICON_NAME = AppIcon;
				INFOPLIST_FILE = NetwrokDemo/Info.plist;
				IPHONEOS_DEPLOYMENT_TARGET = 8.0;
				LD_RUNPATH_SEARCH_PATHS = "$(inherited) @executable_path/Frameworks";
				PRODUCT_BUNDLE_IDENTIFIER = com.Ted.Liu.NetwrokDemo;
				PRODUCT_NAME = "$(TARGET_NAME)";
			};
			name = Debug;
		};
		9FF2BB2F1CD9BE19008FDEB6 /* Release */ = {
			isa = XCBuildConfiguration;
			buildSettings = {
				ASSETCATALOG_COMPILER_APPICON_NAME = AppIcon;
				INFOPLIST_FILE = NetwrokDemo/Info.plist;
				IPHONEOS_DEPLOYMENT_TARGET = 8.0;
				LD_RUNPATH_SEARCH_PATHS = "$(inherited) @executable_path/Frameworks";
				PRODUCT_BUNDLE_IDENTIFIER = com.Ted.Liu.NetwrokDemo;
				PRODUCT_NAME = "$(TARGET_NAME)";
			};
			name = Release;
		};
		9FF2BB311CD9BE19008FDEB6 /* Debug */ = {
			isa = XCBuildConfiguration;
			buildSettings = {
				BUNDLE_LOADER = "$(TEST_HOST)";
				INFOPLIST_FILE = NetwrokDemoTests/Info.plist;
				LD_RUNPATH_SEARCH_PATHS = "$(inherited) @executable_path/Frameworks @loader_path/Frameworks";
				PRODUCT_BUNDLE_IDENTIFIER = com.Ted.Liu.NetwrokDemoTests;
				PRODUCT_NAME = "$(TARGET_NAME)";
				TEST_HOST = "$(BUILT_PRODUCTS_DIR)/NetwrokDemo.app/NetwrokDemo";
			};
			name = Debug;
		};
		9FF2BB321CD9BE19008FDEB6 /* Release */ = {
			isa = XCBuildConfiguration;
			buildSettings = {
				BUNDLE_LOADER = "$(TEST_HOST)";
				INFOPLIST_FILE = NetwrokDemoTests/Info.plist;
				LD_RUNPATH_SEARCH_PATHS = "$(inherited) @executable_path/Frameworks @loader_path/Frameworks";
				PRODUCT_BUNDLE_IDENTIFIER = com.Ted.Liu.NetwrokDemoTests;
				PRODUCT_NAME = "$(TARGET_NAME)";
				TEST_HOST = "$(BUILT_PRODUCTS_DIR)/NetwrokDemo.app/NetwrokDemo";
			};
			name = Release;
		};
		9FF2BB341CD9BE19008FDEB6 /* Debug */ = {
			isa = XCBuildConfiguration;
			buildSettings = {
				INFOPLIST_FILE = NetwrokDemoUITests/Info.plist;
				LD_RUNPATH_SEARCH_PATHS = "$(inherited) @executable_path/Frameworks @loader_path/Frameworks";
				PRODUCT_BUNDLE_IDENTIFIER = com.Ted.Liu.NetwrokDemoUITests;
				PRODUCT_NAME = "$(TARGET_NAME)";
				TEST_TARGET_NAME = NetwrokDemo;
			};
			name = Debug;
		};
		9FF2BB351CD9BE19008FDEB6 /* Release */ = {
			isa = XCBuildConfiguration;
			buildSettings = {
				INFOPLIST_FILE = NetwrokDemoUITests/Info.plist;
				LD_RUNPATH_SEARCH_PATHS = "$(inherited) @executable_path/Frameworks @loader_path/Frameworks";
				PRODUCT_BUNDLE_IDENTIFIER = com.Ted.Liu.NetwrokDemoUITests;
				PRODUCT_NAME = "$(TARGET_NAME)";
				TEST_TARGET_NAME = NetwrokDemo;
			};
			name = Release;
		};
/* End XCBuildConfiguration section */

/* Begin XCConfigurationList section */
		9FF2BAFB1CD9BE19008FDEB6 /* Build configuration list for PBXProject "NetwrokDemo" */ = {
			isa = XCConfigurationList;
			buildConfigurations = (
				9FF2BB2B1CD9BE19008FDEB6 /* Debug */,
				9FF2BB2C1CD9BE19008FDEB6 /* Release */,
			);
			defaultConfigurationIsVisible = 0;
			defaultConfigurationName = Release;
		};
		9FF2BB2D1CD9BE19008FDEB6 /* Build configuration list for PBXNativeTarget "NetwrokDemo" */ = {
			isa = XCConfigurationList;
			buildConfigurations = (
				9FF2BB2E1CD9BE19008FDEB6 /* Debug */,
				9FF2BB2F1CD9BE19008FDEB6 /* Release */,
			);
			defaultConfigurationIsVisible = 0;
			defaultConfigurationName = Release;
		};
		9FF2BB301CD9BE19008FDEB6 /* Build configuration list for PBXNativeTarget "NetwrokDemoTests" */ = {
			isa = XCConfigurationList;
			buildConfigurations = (
				9FF2BB311CD9BE19008FDEB6 /* Debug */,
				9FF2BB321CD9BE19008FDEB6 /* Release */,
			);
			defaultConfigurationIsVisible = 0;
			defaultConfigurationName = Release;
		};
		9FF2BB331CD9BE19008FDEB6 /* Build configuration list for PBXNativeTarget "NetwrokDemoUITests" */ = {
			isa = XCConfigurationList;
			buildConfigurations = (
				9FF2BB341CD9BE19008FDEB6 /* Debug */,
				9FF2BB351CD9BE19008FDEB6 /* Release */,
			);
			defaultConfigurationIsVisible = 0;
			defaultConfigurationName = Release;
		};
/* End XCConfigurationList section */
	};
	rootObject = 9FF2BAF81CD9BE19008FDEB6 /* Project object */;
}
